
Microsoft Visual Studio Solution File, Format Version 12.00
# Visual Studio 15
VisualStudioVersion = 15.0.26730.3
MinimumVisualStudioVersion = 10.0.40219.1
Project("{FAE04EC0-301F-11D3-BF4B-00C04F79EFBC}") = "ThreadPoolTask", "ThreadPoolTask\ThreadPoolTask.csproj", "{0C0DEED7-FAEA-48B3-84A7-442751EDC8EA}"
EndProject
Global
	GlobalSection(SolutionConfigurationPlatforms) = preSolution
		Debug|Any CPU = Debug|Any CPU
		Release|Any CPU = Release|Any CPU
	EndGlobalSection
	GlobalSection(ProjectConfigurationPlatforms) = postSolution
		{0C0DEED7-FAEA-48B3-84A7-442751EDC8EA}.Debug|Any CPU.ActiveCfg = Debug|Any CPU
		{0C0DEED7-FAEA-48B3-84A7-442751EDC8EA}.Debug|Any CPU.Build.0 = Debug|Any CPU
		{0C0DEED7-FAEA-48B3-84A7-442751EDC8EA}.Release|Any CPU.ActiveCfg = Release|Any CPU
		{0C0DEED7-FAEA-48B3-84A7-442751EDC8EA}.Release|Any CPU.Build.0 = Release|Any CPU
	EndGlobalSection
	GlobalSection(SolutionProperties) = preSolution
		HideSolutionNode = FALSE
	EndGlobalSection
	GlobalSection(ExtensibilityGlobals) = postSolution
		SolutionGuid = {5547F59F-8661-403B-818B-B20372F10ECA}
	EndGlobalSection
EndGlobal
